
Microsoft Visual Studio Solution File, Format Version 12.00
# Visual Studio Version 17
VisualStudioVersion = 17.4.33103.184
MinimumVisualStudioVersion = 10.0.40219.1
Project("{9A19103F-16F7-4668-BE54-9A1E7A4F7556}") = "BTrees.Tests", "BTrees.Tests\BTrees.Tests.csproj", "{935DFDD8-63FF-4056-AEFF-958D15D8AB65}"
EndProject
Project("{2150E333-8FDC-42A3-9474-1A3956D46DE8}") = "Solution Items", "Solution Items", "{21A53E68-D537-4D80-B661-B0D758A0D2D8}"
	ProjectSection(SolutionItems) = preProject
		..\.editorconfig = ..\.editorconfig
		..\.gitignore = ..\.gitignore
		..\LICENSE = ..\LICENSE
		..\README.md = ..\README.md
	EndProjectSection
EndProject
Project("{FAE04EC0-301F-11D3-BF4B-00C04F79EFBC}") = "BTrees", "BTrees\BTrees.csproj", "{C7A8A980-512B-414E-8843-947E8AA32B05}"
EndProject
Global
	GlobalSection(SolutionConfigurationPlatforms) = preSolution
		Debug|Any CPU = Debug|Any CPU
		Release|Any CPU = Release|Any CPU
	EndGlobalSection
	GlobalSection(ProjectConfigurationPlatforms) = postSolution
		{935DFDD8-63FF-4056-AEFF-958D15D8AB65}.Debug|Any CPU.ActiveCfg = Debug|Any CPU
		{935DFDD8-63FF-4056-AEFF-958D15D8AB65}.Debug|Any CPU.Build.0 = Debug|Any CPU
		{935DFDD8-63FF-4056-AEFF-958D15D8AB65}.Release|Any CPU.ActiveCfg = Release|Any CPU
		{935DFDD8-63FF-4056-AEFF-958D15D8AB65}.Release|Any CPU.Build.0 = Release|Any CPU
		{C7A8A980-512B-414E-8843-947E8AA32B05}.Debug|Any CPU.ActiveCfg = Debug|Any CPU
		{C7A8A980-512B-414E-8843-947E8AA32B05}.Debug|Any CPU.Build.0 = Debug|Any CPU
		{C7A8A980-512B-414E-8843-947E8AA32B05}.Release|Any CPU.ActiveCfg = Release|Any CPU
		{C7A8A980-512B-414E-8843-947E8AA32B05}.Release|Any CPU.Build.0 = Release|Any CPU
	EndGlobalSection
	GlobalSection(SolutionProperties) = preSolution
		HideSolutionNode = FALSE
	EndGlobalSection
	GlobalSection(ExtensibilityGlobals) = postSolution
		SolutionGuid = {7E89D608-2070-4AAE-9CF7-ED058345D6E1}
	EndGlobalSection
EndGlobal
